{
  "requires": true,
  "lockfileVersion": 1,
  "dependencies": {
    "material-icons": {
      "version": "1.12.2",
      "resolved": "https://registry.npmjs.org/material-icons/-/material-icons-1.12.2.tgz",
      "integrity": "sha512-z17mvWzcQBp9O1wgJcmLDJLSR54VssccCYbB/ZgV7DzLxxy4cpfoc/MNH9fabO1wlowWCzSQM8/KA5EPTsN4qQ=="
    }
  }
}
